
Microsoft Visual Studio Solution File, Format Version 12.00
# Visual Studio Version 17
VisualStudioVersion = 17.13.36105.23 d17.13
MinimumVisualStudioVersion = 10.0.40219.1
Project("{FAE04EC0-301F-11D3-BF4B-00C04F79EFBC}") = "Shaos.Sdk", "Shaos.Sdk\Shaos.Sdk.csproj", "{2C7F8527-1ADA-1C89-C1A7-1454896F4055}"
EndProject
Global
	GlobalSection(SolutionConfigurationPlatforms) = preSolution
		Debug|Any CPU = Debug|Any CPU
		Release|Any CPU = Release|Any CPU
	EndGlobalSection
	GlobalSection(ProjectConfigurationPlatforms) = postSolution
		{2C7F8527-1ADA-1C89-C1A7-1454896F4055}.Debug|Any CPU.ActiveCfg = Debug|Any CPU
		{2C7F8527-1ADA-1C89-C1A7-1454896F4055}.Debug|Any CPU.Build.0 = Debug|Any CPU
		{2C7F8527-1ADA-1C89-C1A7-1454896F4055}.Release|Any CPU.ActiveCfg = Release|Any CPU
		{2C7F8527-1ADA-1C89-C1A7-1454896F4055}.Release|Any CPU.Build.0 = Release|Any CPU
	EndGlobalSection
	GlobalSection(SolutionProperties) = preSolution
		HideSolutionNode = FALSE
	EndGlobalSection
	GlobalSection(ExtensibilityGlobals) = postSolution
		SolutionGuid = {BC04A2B7-6D37-4D71-A650-42416A16EBFE}
	EndGlobalSection
EndGlobal
